// !$*UTF8*$!
{
	archiveVersion = 1;
	classes = {
	};
	objectVersion = 55;
	objects = {

/* Begin PBXBuildFile section */
		3325E535272C199E00E52A63 /* LocTestApp.swift in Sources */ = {isa = PBXBuildFile; fileRef = 3325E534272C199E00E52A63 /* LocTestApp.swift */; };
		3325E537272C199E00E52A63 /* ContentView.swift in Sources */ = {isa = PBXBuildFile; fileRef = 3325E536272C199E00E52A63 /* ContentView.swift */; };
		3325E539272C199F00E52A63 /* Assets.xcassets in Resources */ = {isa = PBXBuildFile; fileRef = 3325E538272C199F00E52A63 /* Assets.xcassets */; };
		3325E53C272C199F00E52A63 /* Preview Assets.xcassets in Resources */ = {isa = PBXBuildFile; fileRef = 3325E53B272C199F00E52A63 /* Preview Assets.xcassets */; };
		3325E546272C199F00E52A63 /* LocTestTests.swift in Sources */ = {isa = PBXBuildFile; fileRef = 3325E545272C199F00E52A63 /* LocTestTests.swift */; };
		3325E550272C199F00E52A63 /* LocTestUITests.swift in Sources */ = {isa = PBXBuildFile; fileRef = 3325E54F272C199F00E52A63 /* LocTestUITests.swift */; };
		3325E552272C199F00E52A63 /* LocTestUITestsLaunchTests.swift in Sources */ = {isa = PBXBuildFile; fileRef = 3325E551272C199F00E52A63 /* LocTestUITestsLaunchTests.swift */; };
/* End PBXBuildFile section */

/* Begin PBXContainerItemProxy section */
		3325E542272C199F00E52A63 /* PBXContainerItemProxy */ = {
			isa = PBXContainerItemProxy;
			containerPortal = 3325E529272C199E00E52A63 /* Project object */;
			proxyType = 1;
			remoteGlobalIDString = 3325E530272C199E00E52A63;
			remoteInfo = LocTest;
		};
		3325E54C272C199F00E52A63 /* PBXContainerItemProxy */ = {
			isa = PBXContainerItemProxy;
			containerPortal = 3325E529272C199E00E52A63 /* Project object */;
			proxyType = 1;
			remoteGlobalIDString = 3325E530272C199E00E52A63;
			remoteInfo = LocTest;
		};
/* End PBXContainerItemProxy section */

/* Begin PBXFileReference section */
		3325E531272C199E00E52A63 /* LocTest.app */ = {isa = PBXFileReference; explicitFileType = wrapper.application; includeInIndex = 0; path = LocTest.app; sourceTree = BUILT_PRODUCTS_DIR; };
		3325E534272C199E00E52A63 /* LocTestApp.swift */ = {isa = PBXFileReference; lastKnownFileType = sourcecode.swift; path = LocTestApp.swift; sourceTree = "<group>"; };
		3325E536272C199E00E52A63 /* ContentView.swift */ = {isa = PBXFileReference; lastKnownFileType = sourcecode.swift; path = ContentView.swift; sourceTree = "<group>"; };
		3325E538272C199F00E52A63 /* Assets.xcassets */ = {isa = PBXFileReference; lastKnownFileType = folder.assetcatalog; path = Assets.xcassets; sourceTree = "<group>"; };
		3325E53B272C199F00E52A63 /* Preview Assets.xcassets */ = {isa = PBXFileReference; lastKnownFileType = folder.assetcatalog; path = "Preview Assets.xcassets"; sourceTree = "<group>"; };
		3325E541272C199F00E52A63 /* LocTestTests.xctest */ = {isa = PBXFileReference; explicitFileType = wrapper.cfbundle; includeInIndex = 0; path = LocTestTests.xctest; sourceTree = BUILT_PRODUCTS_DIR; };
		3325E545272C199F00E52A63 /* LocTestTests.swift */ = {isa = PBXFileReference; lastKnownFileType = sourcecode.swift; path = LocTestTests.swift; sourceTree = "<group>"; };
		3325E54B272C199F00E52A63 /* LocTestUITests.xctest */ = {isa = PBXFileReference; explicitFileType = wrapper.cfbundle; includeInIndex = 0; path = LocTestUITests.xctest; sourceTree = BUILT_PRODUCTS_DIR; };
		3325E54F272C199F00E52A63 /* LocTestUITests.swift */ = {isa = PBXFileReference; lastKnownFileType = sourcecode.swift; path = LocTestUITests.swift; sourceTree = "<group>"; };
		3325E551272C199F00E52A63 /* LocTestUITestsLaunchTests.swift */ = {isa = PBXFileReference; lastKnownFileType = sourcecode.swift; path = LocTestUITestsLaunchTests.swift; sourceTree = "<group>"; };
/* End PBXFileReference section */

/* Begin PBXFrameworksBuildPhase section */
		3325E52E272C199E00E52A63 /* Frameworks */ = {
			isa = PBXFrameworksBuildPhase;
			buildActionMask = 2147483647;
			files = (
			);
			runOnlyForDeploymentPostprocessing = 0;
		};
		3325E53E272C199F00E52A63 /* Frameworks */ = {
			isa = PBXFrameworksBuildPhase;
			buildActionMask = 2147483647;
			files = (
			);
			runOnlyForDeploymentPostprocessing = 0;
		};
		3325E548272C199F00E52A63 /* Frameworks */ = {
			isa = PBXFrameworksBuildPhase;
			buildActionMask = 2147483647;
			files = (
			);
			runOnlyForDeploymentPostprocessing = 0;
		};
/* End PBXFrameworksBuildPhase section */

/* Begin PBXGroup section */
		3325E528272C199E00E52A63 = {
			isa = PBXGroup;
			children = (
				3325E533272C199E00E52A63 /* LocTest */,
				3325E544272C199F00E52A63 /* LocTestTests */,
				3325E54E272C199F00E52A63 /* LocTestUITests */,
				3325E532272C199E00E52A63 /* Products */,
			);
			sourceTree = "<group>";
		};
		3325E532272C199E00E52A63 /* Products */ = {
			isa = PBXGroup;
			children = (
				3325E531272C199E00E52A63 /* LocTest.app */,
				3325E541272C199F00E52A63 /* LocTestTests.xctest */,
				3325E54B272C199F00E52A63 /* LocTestUITests.xctest */,
			);
			name = Products;
			sourceTree = "<group>";
		};
		3325E533272C199E00E52A63 /* LocTest */ = {
			isa = PBXGroup;
			children = (
				3325E534272C199E00E52A63 /* LocTestApp.swift */,
				3325E536272C199E00E52A63 /* ContentView.swift */,
				3325E538272C199F00E52A63 /* Assets.xcassets */,
				3325E53A272C199F00E52A63 /* Preview Content */,
			);
			path = LocTest;
			sourceTree = "<group>";
		};
		3325E53A272C199F00E52A63 /* Preview Content */ = {
			isa = PBXGroup;
			children = (
				3325E53B272C199F00E52A63 /* Preview Assets.xcassets */,
			);
			path = "Preview Content";
			sourceTree = "<group>";
		};
		3325E544272C199F00E52A63 /* LocTestTests */ = {
			isa = PBXGroup;
			children = (
				3325E545272C199F00E52A63 /* LocTestTests.swift */,
			);
			path = LocTestTests;
			sourceTree = "<group>";
		};
		3325E54E272C199F00E52A63 /* LocTestUITests */ = {
			isa = PBXGroup;
			children = (
				3325E54F272C199F00E52A63 /* LocTestUITests.swift */,
				3325E551272C199F00E52A63 /* LocTestUITestsLaunchTests.swift */,
			);
			path = LocTestUITests;
			sourceTree = "<group>";
		};
/* End PBXGroup section */

/* Begin PBXNativeTarget section */
		3325E530272C199E00E52A63 /* LocTest */ = {
			isa = PBXNativeTarget;
			buildConfigurationList = 3325E555272C199F00E52A63 /* Build configuration list for PBXNativeTarget "LocTest" */;
			buildPhases = (
				3325E52D272C199E00E52A63 /* Sources */,
				3325E52E272C199E00E52A63 /* Frameworks */,
				3325E52F272C199E00E52A63 /* Resources */,
			);
			buildRules = (
			);
			dependencies = (
			);
			name = LocTest;
			productName = LocTest;
			productReference = 3325E531272C199E00E52A63 /* LocTest.app */;
			productType = "com.apple.product-type.application";
		};
		3325E540272C199F00E52A63 /* LocTestTests */ = {
			isa = PBXNativeTarget;
			buildConfigurationList = 3325E558272C199F00E52A63 /* Build configuration list for PBXNativeTarget "LocTestTests" */;
			buildPhases = (
				3325E53D272C199F00E52A63 /* Sources */,
				3325E53E272C199F00E52A63 /* Frameworks */,
				3325E53F272C199F00E52A63 /* Resources */,
			);
			buildRules = (
			);
			dependencies = (
				3325E543272C199F00E52A63 /* PBXTargetDependency */,
			);
			name = LocTestTests;
			productName = LocTestTests;
			productReference = 3325E541272C199F00E52A63 /* LocTestTests.xctest */;
			productType = "com.apple.product-type.bundle.unit-test";
		};
		3325E54A272C199F00E52A63 /* LocTestUITests */ = {
			isa = PBXNativeTarget;
			buildConfigurationList = 3325E55B272C199F00E52A63 /* Build configuration list for PBXNativeTarget "LocTestUITests" */;
			buildPhases = (
				3325E547272C199F00E52A63 /* Sources */,
				3325E548272C199F00E52A63 /* Frameworks */,
				3325E549272C199F00E52A63 /* Resources */,
			);
			buildRules = (
			);
			dependencies = (
				3325E54D272C199F00E52A63 /* PBXTargetDependency */,
			);
			name = LocTestUITests;
			productName = LocTestUITests;
			productReference = 3325E54B272C199F00E52A63 /* LocTestUITests.xctest */;
			productType = "com.apple.product-type.bundle.ui-testing";
		};
/* End PBXNativeTarget section */

/* Begin PBXProject section */
		3325E529272C199E00E52A63 /* Project object */ = {
			isa = PBXProject;
			attributes = {
				BuildIndependentTargetsInParallel = 1;
				LastSwiftUpdateCheck = 1310;
				LastUpgradeCheck = 1310;
				TargetAttributes = {
					3325E530272C199E00E52A63 = {
						CreatedOnToolsVersion = 13.1;
					};
					3325E540272C199F00E52A63 = {
						CreatedOnToolsVersion = 13.1;
						TestTargetID = 3325E530272C199E00E52A63;
					};
					3325E54A272C199F00E52A63 = {
						CreatedOnToolsVersion = 13.1;
						TestTargetID = 3325E530272C199E00E52A63;
					};
				};
			};
			buildConfigurationList = 3325E52C272C199E00E52A63 /* Build configuration list for PBXProject "LocTest" */;
			compatibilityVersion = "Xcode 13.0";
			developmentRegion = en;
			hasScannedForEncodings = 0;
			knownRegions = (
				en,
				Base,
			);
			mainGroup = 3325E528272C199E00E52A63;
			productRefGroup = 3325E532272C199E00E52A63 /* Products */;
			projectDirPath = "";
			projectRoot = "";
			targets = (
				3325E530272C199E00E52A63 /* LocTest */,
				3325E540272C199F00E52A63 /* LocTestTests */,
				3325E54A272C199F00E52A63 /* LocTestUITests */,
			);
		};
/* End PBXProject section */

/* Begin PBXResourcesBuildPhase section */
		3325E52F272C199E00E52A63 /* Resources */ = {
			isa = PBXResourcesBuildPhase;
			buildActionMask = 2147483647;
			files = (
				3325E53C272C199F00E52A63 /* Preview Assets.xcassets in Resources */,
				3325E539272C199F00E52A63 /* Assets.xcassets in Resources */,
			);
			runOnlyForDeploymentPostprocessing = 0;
		};
		3325E53F272C199F00E52A63 /* Resources */ = {
			isa = PBXResourcesBuildPhase;
			buildActionMask = 2147483647;
			files = (
			);
			runOnlyForDeploymentPostprocessing = 0;
		};
		3325E549272C199F00E52A63 /* Resources */ = {
			isa = PBXResourcesBuildPhase;
			buildActionMask = 2147483647;
			files = (
			);
			runOnlyForDeploymentPostprocessing = 0;
		};
/* End PBXResourcesBuildPhase section */

/* Begin PBXSourcesBuildPhase section */
		3325E52D272C199E00E52A63 /* Sources */ = {
			isa = PBXSourcesBuildPhase;
			buildActionMask = 2147483647;
			files = (
				3325E537272C199E00E52A63 /* ContentView.swift in Sources */,
				3325E535272C199E00E52A63 /* LocTestApp.swift in Sources */,
			);
			runOnlyForDeploymentPostprocessing = 0;
		};
		3325E53D272C199F00E52A63 /* Sources */ = {
			isa = PBXSourcesBuildPhase;
			buildActionMask = 2147483647;
			files = (
				3325E546272C199F00E52A63 /* LocTestTests.swift in Sources */,
			);
			runOnlyForDeploymentPostprocessing = 0;
		};
		3325E547272C199F00E52A63 /* Sources */ = {
			isa = PBXSourcesBuildPhase;
			buildActionMask = 2147483647;
			files = (
				3325E550272C199F00E52A63 /* LocTestUITests.swift in Sources */,
				3325E552272C199F00E52A63 /* LocTestUITestsLaunchTests.swift in Sources */,
			);
			runOnlyForDeploymentPostprocessing = 0;
		};
/* End PBXSourcesBuildPhase section */

/* Begin PBXTargetDependency section */
		3325E543272C199F00E52A63 /* PBXTargetDependency */ = {
			isa = PBXTargetDependency;
			target = 3325E530272C199E00E52A63 /* LocTest */;
			targetProxy = 3325E542272C199F00E52A63 /* PBXContainerItemProxy */;
		};
		3325E54D272C199F00E52A63 /* PBXTargetDependency */ = {
			isa = PBXTargetDependency;
			target = 3325E530272C199E00E52A63 /* LocTest */;
			targetProxy = 3325E54C272C199F00E52A63 /* PBXContainerItemProxy */;
		};
/* End PBXTargetDependency section */

/* Begin XCBuildConfiguration section */
		3325E553272C199F00E52A63 /* Debug */ = {
			isa = XCBuildConfiguration;
			buildSettings = {
				ALWAYS_SEARCH_USER_PATHS = NO;
				CLANG_ANALYZER_NONNULL = YES;
				CLANG_ANALYZER_NUMBER_OBJECT_CONVERSION = YES_AGGRESSIVE;
				CLANG_CXX_LANGUAGE_STANDARD = "gnu++17";
				CLANG_CXX_LIBRARY = "libc++";
				CLANG_ENABLE_MODULES = YES;
				CLANG_ENABLE_OBJC_ARC = YES;
				CLANG_ENABLE_OBJC_WEAK = YES;
				CLANG_WARN_BLOCK_CAPTURE_AUTORELEASING = YES;
				CLANG_WARN_BOOL_CONVERSION = YES;
				CLANG_WARN_COMMA = YES;
				CLANG_WARN_CONSTANT_CONVERSION = YES;
				CLANG_WARN_DEPRECATED_OBJC_IMPLEMENTATIONS = YES;
				CLANG_WARN_DIRECT_OBJC_ISA_USAGE = YES_ERROR;
				CLANG_WARN_DOCUMENTATION_COMMENTS = YES;
				CLANG_WARN_EMPTY_BODY = YES;
				CLANG_WARN_ENUM_CONVERSION = YES;
				CLANG_WARN_INFINITE_RECURSION = YES;
				CLANG_WARN_INT_CONVERSION = YES;
				CLANG_WARN_NON_LITERAL_NULL_CONVERSION = YES;
				CLANG_WARN_OBJC_IMPLICIT_RETAIN_SELF = YES;
				CLANG_WARN_OBJC_LITERAL_CONVERSION = YES;
				CLANG_WARN_OBJC_ROOT_CLASS = YES_ERROR;
				CLANG_WARN_QUOTED_INCLUDE_IN_FRAMEWORK_HEADER = YES;
				CLANG_WARN_RANGE_LOOP_ANALYSIS = YES;
				CLANG_WARN_STRICT_PROTOTYPES = YES;
				CLANG_WARN_SUSPICIOUS_MOVE = YES;
				CLANG_WARN_UNGUARDED_AVAILABILITY = YES_AGGRESSIVE;
				CLANG_WARN_UNREACHABLE_CODE = YES;
				CLANG_WARN__DUPLICATE_METHOD_MATCH = YES;
				COPY_PHASE_STRIP = NO;
				DEBUG_INFORMATION_FORMAT = dwarf;
				ENABLE_STRICT_OBJC_MSGSEND = YES;
				ENABLE_TESTABILITY = YES;
				GCC_C_LANGUAGE_STANDARD = gnu11;
				GCC_DYNAMIC_NO_PIC = NO;
				GCC_NO_COMMON_BLOCKS = YES;
				GCC_OPTIMIZATION_LEVEL = 0;
				GCC_PREPROCESSOR_DEFINITIONS = (
					"DEBUG=1",
					"$(inherited)",
				);
				GCC_WARN_64_TO_32_BIT_CONVERSION = YES;
				GCC_WARN_ABOUT_RETURN_TYPE = YES_ERROR;
				GCC_WARN_UNDECLARED_SELECTOR = YES;
				GCC_WARN_UNINITIALIZED_AUTOS = YES_AGGRESSIVE;
				GCC_WARN_UNUSED_FUNCTION = YES;
				GCC_WARN_UNUSED_VARIABLE = YES;
				IPHONEOS_DEPLOYMENT_TARGET = 15.0;
				MTL_ENABLE_DEBUG_INFO = INCLUDE_SOURCE;
				MTL_FAST_MATH = YES;
				ONLY_ACTIVE_ARCH = YES;
				SDKROOT = iphoneos;
				SWIFT_ACTIVE_COMPILATION_CONDITIONS = DEBUG;
				SWIFT_OPTIMIZATION_LEVEL = "-Onone";
			};
			name = Debug;
		};
		3325E554272C199F00E52A63 /* Release */ = {
			isa = XCBuildConfiguration;
			buildSettings = {
				ALWAYS_SEARCH_USER_PATHS = NO;
				CLANG_ANALYZER_NONNULL = YES;
				CLANG_ANALYZER_NUMBER_OBJECT_CONVERSION = YES_AGGRESSIVE;
				CLANG_CXX_LANGUAGE_STANDARD = "gnu++17";
				CLANG_CXX_LIBRARY = "libc++";
				CLANG_ENABLE_MODULES = YES;
				CLANG_ENABLE_OBJC_ARC = YES;
				CLANG_ENABLE_OBJC_WEAK = YES;
				CLANG_WARN_BLOCK_CAPTURE_AUTORELEASING = YES;
				CLANG_WARN_BOOL_CONVERSION = YES;
				CLANG_WARN_COMMA = YES;
				CLANG_WARN_CONSTANT_CONVERSION = YES;
				CLANG_WARN_DEPRECATED_OBJC_IMPLEMENTATIONS = YES;
				CLANG_WARN_DIRECT_OBJC_ISA_USAGE = YES_ERROR;
				CLANG_WARN_DOCUMENTATION_COMMENTS = YES;
				CLANG_WARN_EMPTY_BODY = YES;
				CLANG_WARN_ENUM_CONVERSION = YES;
				CLANG_WARN_INFINITE_RECURSION = YES;
				CLANG_WARN_INT_CONVERSION = YES;
				CLANG_WARN_NON_LITERAL_NULL_CONVERSION = YES;
				CLANG_WARN_OBJC_IMPLICIT_RETAIN_SELF = YES;
				CLANG_WARN_OBJC_LITERAL_CONVERSION = YES;
				CLANG_WARN_OBJC_ROOT_CLASS = YES_ERROR;
				CLANG_WARN_QUOTED_INCLUDE_IN_FRAMEWORK_HEADER = YES;
				CLANG_WARN_RANGE_LOOP_ANALYSIS = YES;
				CLANG_WARN_STRICT_PROTOTYPES = YES;
				CLANG_WARN_SUSPICIOUS_MOVE = YES;
				CLANG_WARN_UNGUARDED_AVAILABILITY = YES_AGGRESSIVE;
				CLANG_WARN_UNREACHABLE_CODE = YES;
				CLANG_WARN__DUPLICATE_METHOD_MATCH = YES;
				COPY_PHASE_STRIP = NO;
				DEBUG_INFORMATION_FORMAT = "dwarf-with-dsym";
				ENABLE_NS_ASSERTIONS = NO;
				ENABLE_STRICT_OBJC_MSGSEND = YES;
				GCC_C_LANGUAGE_STANDARD = gnu11;
				GCC_NO_COMMON_BLOCKS = YES;
				GCC_WARN_64_TO_32_BIT_CONVERSION = YES;
				GCC_WARN_ABOUT_RETURN_TYPE = YES_ERROR;
				GCC_WARN_UNDECLARED_SELECTOR = YES;
				GCC_WARN_UNINITIALIZED_AUTOS = YES_AGGRESSIVE;
				GCC_WARN_UNUSED_FUNCTION = YES;
				GCC_WARN_UNUSED_VARIABLE = YES;
				IPHONEOS_DEPLOYMENT_TARGET = 15.0;
				MTL_ENABLE_DEBUG_INFO = NO;
				MTL_FAST_MATH = YES;
				SDKROOT = iphoneos;
				SWIFT_COMPILATION_MODE = wholemodule;
				SWIFT_OPTIMIZATION_LEVEL = "-O";
				VALIDATE_PRODUCT = YES;
			};
			name = Release;
		};
		3325E556272C199F00E52A63 /* Debug */ = {
			isa = XCBuildConfiguration;
			buildSettings = {
				ASSETCATALOG_COMPILER_APPICON_NAME = AppIcon;
				ASSETCATALOG_COMPILER_GLOBAL_ACCENT_COLOR_NAME = AccentColor;
				CODE_SIGN_STYLE = Automatic;
				CURRENT_PROJECT_VERSION = 1;
				DEVELOPMENT_ASSET_PATHS = "\"LocTest/Preview Content\"";
				ENABLE_PREVIEWS = YES;
				GENERATE_INFOPLIST_FILE = YES;
				INFOPLIST_KEY_UIApplicationSceneManifest_Generation = YES;
				INFOPLIST_KEY_UIApplicationSupportsIndirectInputEvents = YES;
				INFOPLIST_KEY_UILaunchScreen_Generation = YES;
				INFOPLIST_KEY_UISupportedInterfaceOrientations_iPad = "UIInterfaceOrientationPortrait UIInterfaceOrientationPortraitUpsideDown UIInterfaceOrientationLandscapeLeft UIInterfaceOrientationLandscapeRight";
				INFOPLIST_KEY_UISupportedInterfaceOrientations_iPhone = "UIInterfaceOrientationPortrait UIInterfaceOrientationLandscapeLeft UIInterfaceOrientationLandscapeRight";
				LD_RUNPATH_SEARCH_PATHS = (
					"$(inherited)",
					"@executable_path/Frameworks",
				);
				MARKETING_VERSION = 1.0;
				PRODUCT_BUNDLE_IDENTIFIER = com.example.LocTest;
				PRODUCT_NAME = "$(TARGET_NAME)";
				SWIFT_EMIT_LOC_STRINGS = YES;
				SWIFT_VERSION = 5.0;
				TARGETED_DEVICE_FAMILY = "1,2";
			};
			name = Debug;
		};
		3325E557272C199F00E52A63 /* Release */ = {
			isa = XCBuildConfiguration;
			buildSettings = {
				ASSETCATALOG_COMPILER_APPICON_NAME = AppIcon;
				ASSETCATALOG_COMPILER_GLOBAL_ACCENT_COLOR_NAME = AccentColor;
				CODE_SIGN_STYLE = Automatic;
				CURRENT_PROJECT_VERSION = 1;
				DEVELOPMENT_ASSET_PATHS = "\"LocTest/Preview Content\"";
				ENABLE_PREVIEWS = YES;
				GENERATE_INFOPLIST_FILE = YES;
				INFOPLIST_KEY_UIApplicationSceneManifest_Generation = YES;
				INFOPLIST_KEY_UIApplicationSupportsIndirectInputEvents = YES;
				INFOPLIST_KEY_UILaunchScreen_Generation = YES;
				INFOPLIST_KEY_UISupportedInterfaceOrientations_iPad = "UIInterfaceOrientationPortrait UIInterfaceOrientationPortraitUpsideDown UIInterfaceOrientationLandscapeLeft UIInterfaceOrientationLandscapeRight";
				INFOPLIST_KEY_UISupportedInterfaceOrientations_iPhone = "UIInterfaceOrientationPortrait UIInterfaceOrientationLandscapeLeft UIInterfaceOrientationLandscapeRight";
				LD_RUNPATH_SEARCH_PATHS = (
					"$(inherited)",
					"@executable_path/Frameworks",
				);
				MARKETING_VERSION = 1.0;
				PRODUCT_BUNDLE_IDENTIFIER = com.example.LocTest;
				PRODUCT_NAME = "$(TARGET_NAME)";
				SWIFT_EMIT_LOC_STRINGS = YES;
				SWIFT_VERSION = 5.0;
				TARGETED_DEVICE_FAMILY = "1,2";
			};
			name = Release;
		};
		3325E559272C199F00E52A63 /* Debug */ = {
			isa = XCBuildConfiguration;
			buildSettings = {
				ALWAYS_EMBED_SWIFT_STANDARD_LIBRARIES = YES;
				BUNDLE_LOADER = "$(TEST_HOST)";
				CODE_SIGN_STYLE = Automatic;
				CURRENT_PROJECT_VERSION = 1;
				GENERATE_INFOPLIST_FILE = YES;
				IPHONEOS_DEPLOYMENT_TARGET = 15.0;
				LD_RUNPATH_SEARCH_PATHS = (
					"$(inherited)",
					"@executable_path/Frameworks",
					"@loader_path/Frameworks",
				);
				MARKETING_VERSION = 1.0;
				PRODUCT_BUNDLE_IDENTIFIER = com.example.LocTestTests;
				PRODUCT_NAME = "$(TARGET_NAME)";
				SWIFT_EMIT_LOC_STRINGS = NO;
				SWIFT_VERSION = 5.0;
				TARGETED_DEVICE_FAMILY = "1,2";
				TEST_HOST = "$(BUILT_PRODUCTS_DIR)/LocTest.app/LocTest";
			};
			name = Debug;
		};
		3325E55A272C199F00E52A63 /* Release */ = {
			isa = XCBuildConfiguration;
			buildSettings = {
				ALWAYS_EMBED_SWIFT_STANDARD_LIBRARIES = YES;
				BUNDLE_LOADER = "$(TEST_HOST)";
				CODE_SIGN_STYLE = Automatic;
				CURRENT_PROJECT_VERSION = 1;
				GENERATE_INFOPLIST_FILE = YES;
				IPHONEOS_DEPLOYMENT_TARGET = 15.0;
				LD_RUNPATH_SEARCH_PATHS = (
					"$(inherited)",
					"@executable_path/Frameworks",
					"@loader_path/Frameworks",
				);
				MARKETING_VERSION = 1.0;
				PRODUCT_BUNDLE_IDENTIFIER = com.example.LocTestTests;
				PRODUCT_NAME = "$(TARGET_NAME)";
				SWIFT_EMIT_LOC_STRINGS = NO;
				SWIFT_VERSION = 5.0;
				TARGETED_DEVICE_FAMILY = "1,2";
				TEST_HOST = "$(BUILT_PRODUCTS_DIR)/LocTest.app/LocTest";
			};
			name = Release;
		};
		3325E55C272C199F00E52A63 /* Debug */ = {
			isa = XCBuildConfiguration;
			buildSettings = {
				ALWAYS_EMBED_SWIFT_STANDARD_LIBRARIES = YES;
				CODE_SIGN_STYLE = Automatic;
				CURRENT_PROJECT_VERSION = 1;
				GENERATE_INFOPLIST_FILE = YES;
				LD_RUNPATH_SEARCH_PATHS = (
					"$(inherited)",
					"@executable_path/Frameworks",
					"@loader_path/Frameworks",
				);
				MARKETING_VERSION = 1.0;
				PRODUCT_BUNDLE_IDENTIFIER = com.example.LocTestUITests;
				PRODUCT_NAME = "$(TARGET_NAME)";
				SWIFT_EMIT_LOC_STRINGS = NO;
				SWIFT_VERSION = 5.0;
				TARGETED_DEVICE_FAMILY = "1,2";
				TEST_TARGET_NAME = LocTest;
			};
			name = Debug;
		};
		3325E55D272C199F00E52A63 /* Release */ = {
			isa = XCBuildConfiguration;
			buildSettings = {
				ALWAYS_EMBED_SWIFT_STANDARD_LIBRARIES = YES;
				CODE_SIGN_STYLE = Automatic;
				CURRENT_PROJECT_VERSION = 1;
				GENERATE_INFOPLIST_FILE = YES;
				LD_RUNPATH_SEARCH_PATHS = (
					"$(inherited)",
					"@executable_path/Frameworks",
					"@loader_path/Frameworks",
				);
				MARKETING_VERSION = 1.0;
				PRODUCT_BUNDLE_IDENTIFIER = com.example.LocTestUITests;
				PRODUCT_NAME = "$(TARGET_NAME)";
				SWIFT_EMIT_LOC_STRINGS = NO;
				SWIFT_VERSION = 5.0;
				TARGETED_DEVICE_FAMILY = "1,2";
				TEST_TARGET_NAME = LocTest;
			};
			name = Release;
		};
/* End XCBuildConfiguration section */

/* Begin XCConfigurationList section */
		3325E52C272C199E00E52A63 /* Build configuration list for PBXProject "LocTest" */ = {
			isa = XCConfigurationList;
			buildConfigurations = (
				3325E553272C199F00E52A63 /* Debug */,
				3325E554272C199F00E52A63 /* Release */,
			);
			defaultConfigurationIsVisible = 0;
			defaultConfigurationName = Release;
		};
		3325E555272C199F00E52A63 /* Build configuration list for PBXNativeTarget "LocTest" */ = {
			isa = XCConfigurationList;
			buildConfigurations = (
				3325E556272C199F00E52A63 /* Debug */,
				3325E557272C199F00E52A63 /* Release */,
			);
			defaultConfigurationIsVisible = 0;
			defaultConfigurationName = Release;
		};
		3325E558272C199F00E52A63 /* Build configuration list for PBXNativeTarget "LocTestTests" */ = {
			isa = XCConfigurationList;
			buildConfigurations = (
				3325E559272C199F00E52A63 /* Debug */,
				3325E55A272C199F00E52A63 /* Release */,
			);
			defaultConfigurationIsVisible = 0;
			defaultConfigurationName = Release;
		};
		3325E55B272C199F00E52A63 /* Build configuration list for PBXNativeTarget "LocTestUITests" */ = {
			isa = XCConfigurationList;
			buildConfigurations = (
				3325E55C272C199F00E52A63 /* Debug */,
				3325E55D272C199F00E52A63 /* Release */,
			);
			defaultConfigurationIsVisible = 0;
			defaultConfigurationName = Release;
		};
/* End XCConfigurationList section */
	};
	rootObject = 3325E529272C199E00E52A63 /* Project object */;
}
